
Microsoft Visual Studio Solution File, Format Version 12.00
# Visual Studio Version 17
VisualStudioVersion = 17.9.34728.123
MinimumVisualStudioVersion = 10.0.40219.1
Project("{FAE04EC0-301F-11D3-BF4B-00C04F79EFBC}") = "bookStore project", "bookStore project\bookStore project.csproj", "{A8C9506B-ACC1-46ED-95CB-29D6DAE4B221}"
EndProject
Global
	GlobalSection(SolutionConfigurationPlatforms) = preSolution
		Debug|Any CPU = Debug|Any CPU
		Release|Any CPU = Release|Any CPU
	EndGlobalSection
	GlobalSection(ProjectConfigurationPlatforms) = postSolution
		{A8C9506B-ACC1-46ED-95CB-29D6DAE4B221}.Debug|Any CPU.ActiveCfg = Debug|Any CPU
		{A8C9506B-ACC1-46ED-95CB-29D6DAE4B221}.Debug|Any CPU.Build.0 = Debug|Any CPU
		{A8C9506B-ACC1-46ED-95CB-29D6DAE4B221}.Release|Any CPU.ActiveCfg = Release|Any CPU
		{A8C9506B-ACC1-46ED-95CB-29D6DAE4B221}.Release|Any CPU.Build.0 = Release|Any CPU
	EndGlobalSection
	GlobalSection(SolutionProperties) = preSolution
		HideSolutionNode = FALSE
	EndGlobalSection
	GlobalSection(ExtensibilityGlobals) = postSolution
		SolutionGuid = {64345356-A1D0-46FE-928E-31C918E24449}
	EndGlobalSection
EndGlobal
